
Microsoft Visual Studio Solution File, Format Version 12.00
# Visual Studio Version 16
VisualStudioVersion = 16.0.30503.244
MinimumVisualStudioVersion = 10.0.40219.1
Project("{9A19103F-16F7-4668-BE54-9A1E7A4F7556}") = "ActivitySourceExample.Console", "src\ActivitySourceExample.Console\ActivitySourceExample.Console.csproj", "{67214173-00C0-4F4F-AB08-EA9E0DD3F906}"
EndProject
Project("{9A19103F-16F7-4668-BE54-9A1E7A4F7556}") = "ActivitySourceExample.Diagnostics", "src\ActivitySourceExample.Diagnostics\ActivitySourceExample.Diagnostics.csproj", "{20E910CC-6E9F-4607-A4CC-121CE8ACC712}"
EndProject
Global
	GlobalSection(SolutionConfigurationPlatforms) = preSolution
		Debug|Any CPU = Debug|Any CPU
		Release|Any CPU = Release|Any CPU
	EndGlobalSection
	GlobalSection(ProjectConfigurationPlatforms) = postSolution
		{67214173-00C0-4F4F-AB08-EA9E0DD3F906}.Debug|Any CPU.ActiveCfg = Debug|Any CPU
		{67214173-00C0-4F4F-AB08-EA9E0DD3F906}.Debug|Any CPU.Build.0 = Debug|Any CPU
		{67214173-00C0-4F4F-AB08-EA9E0DD3F906}.Release|Any CPU.ActiveCfg = Release|Any CPU
		{67214173-00C0-4F4F-AB08-EA9E0DD3F906}.Release|Any CPU.Build.0 = Release|Any CPU
		{20E910CC-6E9F-4607-A4CC-121CE8ACC712}.Debug|Any CPU.ActiveCfg = Debug|Any CPU
		{20E910CC-6E9F-4607-A4CC-121CE8ACC712}.Debug|Any CPU.Build.0 = Debug|Any CPU
		{20E910CC-6E9F-4607-A4CC-121CE8ACC712}.Release|Any CPU.ActiveCfg = Release|Any CPU
		{20E910CC-6E9F-4607-A4CC-121CE8ACC712}.Release|Any CPU.Build.0 = Release|Any CPU
	EndGlobalSection
	GlobalSection(SolutionProperties) = preSolution
		HideSolutionNode = FALSE
	EndGlobalSection
	GlobalSection(ExtensibilityGlobals) = postSolution
		SolutionGuid = {BF9AB416-084C-4A5D-AE90-49D49747B6A3}
	EndGlobalSection
EndGlobal
